# This file is automatically @generated by Cargo.
# It is not intended for manual editing.
version = 3

[[package]]
name = "qsc"
version = "0.0.0"
dependencies = [
 "qsc_frontend",
]

[[package]]
name = "qsc_ast"
version = "0.0.0"

[[package]]
name = "qsc_codegen"
version = "0.0.0"

[[package]]
name = "qsc_eval"
version = "0.0.0"

[[package]]
name = "qsc_frontend"
version = "0.0.0"

[[package]]
name = "qsc_passes"
version = "0.0.0"

[[package]]
name = "qsc_wasm"
version = "0.0.0"

[[package]]
name = "qsi"
version = "0.0.0"
